
Microsoft Visual Studio Solution File, Format Version 12.00
# Visual Studio Version 16
VisualStudioVersion = 16.0.31624.102
MinimumVisualStudioVersion = 10.0.40219.1
Project("{FAE04EC0-301F-11D3-BF4B-00C04F79EFBC}") = "FortniteExternalConsole", "FortniteExternalConsole.csproj", "{8822ADD0-FA68-4F33-88DB-CA95E34F52D5}"
EndProject
Global
	GlobalSection(SolutionConfigurationPlatforms) = preSolution
		Debug|Any CPU = Debug|Any CPU
		Release|Any CPU = Release|Any CPU
	EndGlobalSection
	GlobalSection(ProjectConfigurationPlatforms) = postSolution
		{8822ADD0-FA68-4F33-88DB-CA95E34F52D5}.Debug|Any CPU.ActiveCfg = Debug|Any CPU
		{8822ADD0-FA68-4F33-88DB-CA95E34F52D5}.Debug|Any CPU.Build.0 = Debug|Any CPU
		{8822ADD0-FA68-4F33-88DB-CA95E34F52D5}.Release|Any CPU.ActiveCfg = Release|Any CPU
		{8822ADD0-FA68-4F33-88DB-CA95E34F52D5}.Release|Any CPU.Build.0 = Release|Any CPU
	EndGlobalSection
	GlobalSection(SolutionProperties) = preSolution
		HideSolutionNode = FALSE
	EndGlobalSection
	GlobalSection(ExtensibilityGlobals) = postSolution
		SolutionGuid = {285D763A-F1FA-4932-BF8E-D3A2453DB206}
	EndGlobalSection
EndGlobal
